
Microsoft Visual Studio Solution File, Format Version 12.00
# Visual Studio Version 17
VisualStudioVersion = 17.14.36414.22
MinimumVisualStudioVersion = 10.0.40219.1
Project("{FAE04EC0-301F-11D3-BF4B-00C04F79EFBC}") = "Solve Every Light", "Solve Every Light\Solve Every Light.csproj", "{0BBF9FF7-0057-4E19-8C8C-4B50A52637EF}"
EndProject
Project("{FAE04EC0-301F-11D3-BF4B-00C04F79EFBC}") = "Solve Every Light Test", "Solve Every Light Test\Solve Every Light Test.csproj", "{558DC574-7877-4293-A458-7022A4E2BD8F}"
EndProject
Project("{2150E333-8FDC-42A3-9474-1A3956D46DE8}") = "Projektmappenelemente", "Projektmappenelemente", "{84D27F74-D2BA-6C25-2661-968F101900D9}"
	ProjectSection(SolutionItems) = preProject
		readme.md = readme.md
	EndProjectSection
EndProject
Global
	GlobalSection(SolutionConfigurationPlatforms) = preSolution
		Debug|Any CPU = Debug|Any CPU
		Debug|x64 = Debug|x64
		Release|Any CPU = Release|Any CPU
		Release|x64 = Release|x64
	EndGlobalSection
	GlobalSection(ProjectConfigurationPlatforms) = postSolution
		{0BBF9FF7-0057-4E19-8C8C-4B50A52637EF}.Debug|Any CPU.ActiveCfg = Debug|x64
		{0BBF9FF7-0057-4E19-8C8C-4B50A52637EF}.Debug|x64.ActiveCfg = Debug|x64
		{0BBF9FF7-0057-4E19-8C8C-4B50A52637EF}.Debug|x64.Build.0 = Debug|x64
		{0BBF9FF7-0057-4E19-8C8C-4B50A52637EF}.Release|Any CPU.ActiveCfg = Release|x64
		{0BBF9FF7-0057-4E19-8C8C-4B50A52637EF}.Release|x64.ActiveCfg = Release|x64
		{0BBF9FF7-0057-4E19-8C8C-4B50A52637EF}.Release|x64.Build.0 = Release|x64
		{558DC574-7877-4293-A458-7022A4E2BD8F}.Debug|Any CPU.ActiveCfg = Debug|x64
		{558DC574-7877-4293-A458-7022A4E2BD8F}.Debug|x64.ActiveCfg = Debug|x64
		{558DC574-7877-4293-A458-7022A4E2BD8F}.Debug|x64.Build.0 = Debug|x64
		{558DC574-7877-4293-A458-7022A4E2BD8F}.Release|Any CPU.ActiveCfg = Release|x64
		{558DC574-7877-4293-A458-7022A4E2BD8F}.Release|x64.ActiveCfg = Release|x64
	EndGlobalSection
	GlobalSection(SolutionProperties) = preSolution
		HideSolutionNode = FALSE
	EndGlobalSection
	GlobalSection(ExtensibilityGlobals) = postSolution
		SolutionGuid = {D2326642-5B0C-4624-8AF2-270583EF4A95}
	EndGlobalSection
EndGlobal
